# This file is automatically @generated by Poetry 1.8.3 and should not be changed by hand.

[[package]]
name = "sqlglot"
version = "23.15.8"
description = "An easily customizable SQL parser and transpiler"
optional = false
python-versions = ">=3.7"
files = [
    {file = "sqlglot-23.15.8-py3-none-any.whl", hash = "sha256:e1123f7dda94e1b9b2ab200fb52c12e9ea80d18aac8339e8e73959e7f5b49663"},
    {file = "sqlglot-23.15.8.tar.gz", hash = "sha256:4ca32ece6fd21bb6b42b09927f1fe38da832c6418d7202835313d7abc5d07620"},
]

[package.dependencies]
sqlglotrs = {version = "0.2.5", optional = true, markers = "extra == \"rs\""}

[package.extras]
dev = ["duckdb (>=0.6)", "maturin (>=1.4,<2.0)", "mypy", "pandas", "pandas-stubs", "pdoc", "pre-commit", "pyspark", "python-dateutil", "ruff (==0.4.3)", "types-python-dateutil", "typing-extensions"]
rs = ["sqlglotrs (==0.2.5)"]

[[package]]
name = "sqlglotrs"
version = "0.2.5"
description = ""
optional = false
python-versions = ">=3.7"
files = [
    {file = "sqlglotrs-0.2.5-cp310-cp310-macosx_10_12_x86_64.whl", hash = "sha256:2acbae527bde996379a2d686b8ba59fe1020763aa9a8edf729ce75fe323cdc4d"},
    {file = "sqlglotrs-0.2.5-cp310-cp310-macosx_11_0_arm64.whl", hash = "sha256:6aa56bcaf6e2a5938406364ab8b99871d919adf1f0e2ec2e7f4649c9d3f4d7a7"},
    {file = "sqlglotrs-0.2.5-cp310-cp310-manylinux_2_17_aarch64.manylinux2014_aarch64.whl", hash = "sha256:d8ff9eee2925aad22b177236e9c4ca2602edce77406688fdc00aeb51184800d8"},
    {file = "sqlglotrs-0.2.5-cp310-cp310-manylinux_2_17_armv7l.manylinux2014_armv7l.whl", hash = "sha256:1d7a467638bc85c603fae00f63c3f7df36db4091ab6127217499c8fbaef950bf"},
    {file = "sqlglotrs-0.2.5-cp310-cp310-manylinux_2_17_ppc64le.manylinux2014_ppc64le.whl", hash = "sha256:38887a78fc4c5884512f543eea390df0e701ff76e4bf81cc5a0cd11fe05415be"},
    {file = "sqlglotrs-0.2.5-cp310-cp310-manylinux_2_17_s390x.manylinux2014_s390x.whl", hash = "sha256:cf15597e1ee5e0a7b2af4cedbca605a4a74f16efd1b6efbcec01aa3aa0dfb952"},
    {file = "sqlglotrs-0.2.5-cp310-cp310-manylinux_2_17_x86_64.manylinux2014_x86_64.whl", hash = "sha256:fc89bf7cd6bf0273d63feea21fd1f232049100d9826c4102d78c391b3749d068"},
    {file = "sqlglotrs-0.2.5-cp310-cp310-manylinux_2_5_i686.manylinux1_i686.whl", hash = "sha256:1cf01b88c1592e71d40d5804035003198bdf0d86f420e351deec67b4c8e9d252"},
    {file = "sqlglotrs-0.2.5-cp310-none-win32.whl", hash = "sha256:4bd1179d7b2ecccd7758d94a958462c8a96e7c2353743ef540f838ee267728e0"},
    {file = "sqlglotrs-0.2.5-cp310-none-win_amd64.whl", hash = "sha256:638de506ff1aec4bb60663a8ae14a19eeef9213ca87fdd3fd04d442ba213d6b2"},
    {file = "sqlglotrs-0.2.5-cp311-cp311-macosx_10_12_x86_64.whl", hash = "sha256:9a9b1733d9f4a8200150adcb20bc1439ae7c605fbd84441255e1bcd1758179ed"},
    {file = "sqlglotrs-0.2.5-cp311-cp311-macosx_11_0_arm64.whl", hash = "sha256:15772fa7b1f785390526e4e553bdaadd9a7e9b6d16460f51a44f0d0ae23ac058"},
    {file = "sqlglotrs-0.2.5-cp311-cp311-manylinux_2_17_aarch64.manylinux2014_aarch64.whl", hash = "sha256:ae429d9c634523fbb2942c6a39ec17b4de66de6385123c7c6e6c2bb5028b64c6"},
    {file = "sqlglotrs-0.2.5-cp311-cp311-manylinux_2_17_armv7l.manylinux2014_armv7l.whl", hash = "sha256:15410c109d0df94e6629302585388e9e155b84887b831df8560ac748eb0bf3cf"},
    {file = "sqlglotrs-0.2.5-cp311-cp311-manylinux_2_17_ppc64le.manylinux2014_ppc64le.whl", hash = "sha256:dfd4b8ec6a8e74072638e0d3f2940db6d46ff8b5394d028c3d9f7883e78dca54"},
    {file = "sqlglotrs-0.2.5-cp311-cp311-manylinux_2_17_s390x.manylinux2014_s390x.whl", hash = "sha256:485066352ab78dbfc124c2e9a1b64e9afbdcce94f2da8fc792e0fc1f85b48558"},
    {file = "sqlglotrs-0.2.5-cp311-cp311-manylinux_2_17_x86_64.manylinux2014_x86_64.whl", hash = "sha256:5c7ec211fb0a71ee31cb06ec692cbcd091518ca6d8c747deaa3c41f635f3785e"},
    {file = "sqlglotrs-0.2.5-cp311-cp311-manylinux_2_5_i686.manylinux1_i686.whl", hash = "sha256:142bdda9331ddf5b0f816e8f866f77309b7e8a9ab3a176e762f223b1c7be4400"},
    {file = "sqlglotrs-0.2.5-cp311-none-win32.whl", hash = "sha256:8a08f7f4f996a7eb7e22a26762edc6ea1aac52b0ffe38b656ec82b5db79c1a8b"},
    {file = "sqlglotrs-0.2.5-cp311-none-win_amd64.whl", hash = "sha256:f8ca6ebcee9e5a9f22ec0a70127fe886c72d17c56c77aa991333d19dc04c95c2"},
    {file = "sqlglotrs-0.2.5-cp312-cp312-macosx_10_12_x86_64.whl", hash = "sha256:3ef969600fab89c7a779c77fc9bb2ac3e167e9080b558b4594c0bd496f0789b3"},
    {file = "sqlglotrs-0.2.5-cp312-cp312-macosx_11_0_arm64.whl", hash = "sha256:1883817065fbbbd2a4aec83e636513164f149b5908016706285536d0579892ad"},
    {file = "sqlglotrs-0.2.5-cp312-cp312-manylinux_2_17_aarch64.manylinux2014_aarch64.whl", hash = "sha256:eca6c7646f70b55cef024ae6c22f600d53af0c313c1a424f5dbd79357e80cedb"},
    {file = "sqlglotrs-0.2.5-cp312-cp312-manylinux_2_17_armv7l.manylinux2014_armv7l.whl", hash = "sha256:8499c90cf665a794715e6aedd8ff7c54da6dfaa28c0c6b25b2f7204e116c9743"},
    {file = "sqlglotrs-0.2.5-cp312-cp312-manylinux_2_17_ppc64le.manylinux2014_ppc64le.whl", hash = "sha256:81ed3f0f09f05b221c023b6e8b78edfaf92d6fdbe5d126bda0b36365e72e2ba1"},
    {file = "sqlglotrs-0.2.5-cp312-cp312-manylinux_2_17_s390x.manylinux2014_s390x.whl", hash = "sha256:03810fb4d6bb2be12366d99cff2065debd9d55c633a3c8217395460be1f96ae6"},
    {file = "sqlglotrs-0.2.5-cp312-cp312-manylinux_2_17_x86_64.manylinux2014_x86_64.whl", hash = "sha256:2ed01ecb2cf026b01b7c2a4ee34884733768e54f50d538d326aaa4d4430f8b32"},
    {file = "sqlglotrs-0.2.5-cp312-cp312-manylinux_2_5_i686.manylinux1_i686.whl", hash = "sha256:1c741aa802440749db9ce8dda7109d407daea018dec671ee7329d54134f040d7"},
    {file = "sqlglotrs-0.2.5-cp312-none-win32.whl", hash = "sha256:87389ca6b0cccaa0e284ebe6c0da7436a797b2f11bc2e24e7c90a11108a1c2b3"},
    {file = "sqlglotrs-0.2.5-cp312-none-win_amd64.whl", hash = "sha256:7e16ae96a7ec89d8159d1a1127ec31c7786f4801acb5480a885cdd669f0165bb"},
    {file = "sqlglotrs-0.2.5-cp37-cp37m-macosx_10_12_x86_64.whl", hash = "sha256:1c3b2b33b30ec54ef8ed412cb880b33267f5b4dd0368d3cb515fbbe26c130b3e"},
    {file = "sqlglotrs-0.2.5-cp37-cp37m-macosx_11_0_arm64.whl", hash = "sha256:fcbbd976f61edc8ca788b041befdfb902f9b7fd202423e5b3f743ff0aab133b9"},
    {file = "sqlglotrs-0.2.5-cp37-cp37m-manylinux_2_17_aarch64.manylinux2014_aarch64.whl", hash = "sha256:6dd3fdadffcffef79a7b044bb2124b73d29ea734c0a82c72a230dcaa7f15c224"},
    {file = "sqlglotrs-0.2.5-cp37-cp37m-manylinux_2_17_armv7l.manylinux2014_armv7l.whl", hash = "sha256:ac6ab16fb8d453f8dd2ec9452f1c0c6f0d2350812170a34a5c3343283374156b"},
    {file = "sqlglotrs-0.2.5-cp37-cp37m-manylinux_2_17_ppc64le.manylinux2014_ppc64le.whl", hash = "sha256:de112dd19ec7ef478a2ffb9a0fa48b9506ea8544254d8a999cf820efb432f3c8"},
    {file = "sqlglotrs-0.2.5-cp37-cp37m-manylinux_2_17_s390x.manylinux2014_s390x.whl", hash = "sha256:5af93bb4429c8bee14e31e482fe26a313cf3b18fe033bbdbfc064faaf4dc9eb2"},
    {file = "sqlglotrs-0.2.5-cp37-cp37m-manylinux_2_17_x86_64.manylinux2014_x86_64.whl", hash = "sha256:9c65c43ebd5c5c381edc27be1c08f690069141e12e637ad188896e5a036587c7"},
    {file = "sqlglotrs-0.2.5-cp37-cp37m-manylinux_2_5_i686.manylinux1_i686.whl", hash = "sha256:135fc0d10bdb9324d5ba5766dc97f0b3f033cee9aea5c68d5c3cb1c1a1d1ff22"},
    {file = "sqlglotrs-0.2.5-cp37-none-win32.whl", hash = "sha256:b27242fead5aeefa5e57ab8afa1ebbd1ea9b765440b795c426b2dabac88ad732"},
    {file = "sqlglotrs-0.2.5-cp37-none-win_amd64.whl", hash = "sha256:72be938208de4b0cb8830316e1cae432b3aac6a6d8b7610b306c7cdb1a228a74"},
    {file = "sqlglotrs-0.2.5-cp38-cp38-macosx_10_12_x86_64.whl", hash = "sha256:ee6e0a5dc335bbec38bf7a051f3ad8fd34994d314198449e853926af35d4f03c"},
    {file = "sqlglotrs-0.2.5-cp38-cp38-macosx_11_0_arm64.whl", hash = "sha256:3d2a0f28dbc60df24c6cd8ce882d6e8c16601d5e002e83fa2243ad32a89ca222"},
    {file = "sqlglotrs-0.2.5-cp38-cp38-manylinux_2_17_aarch64.manylinux2014_aarch64.whl", hash = "sha256:e36caa661ad7e6e83910450b6be7ae7b5e54be4fcdd575f7f1833d50df78dda9"},
    {file = "sqlglotrs-0.2.5-cp38-cp38-manylinux_2_17_armv7l.manylinux2014_armv7l.whl", hash = "sha256:1a849ae0a4ef6b65ecb8db651aa720d46577c7f4ed619df279abdf074346fe9b"},
    {file = "sqlglotrs-0.2.5-cp38-cp38-manylinux_2_17_ppc64le.manylinux2014_ppc64le.whl", hash = "sha256:564875e5c1f503d298a214f89cd9dbaae314c307ce830893566e30c02c7ee14d"},
    {file = "sqlglotrs-0.2.5-cp38-cp38-manylinux_2_17_s390x.manylinux2014_s390x.whl", hash = "sha256:35359fea9e08c37c696ff6004468982750a3ab5d59491ab8253ecc13cc93f180"},
    {file = "sqlglotrs-0.2.5-cp38-cp38-manylinux_2_17_x86_64.manylinux2014_x86_64.whl", hash = "sha256:93e4dcea915fddb803004a411370966e974b25cb728cb3523205d9d2d92301e6"},
    {file = "sqlglotrs-0.2.5-cp38-cp38-manylinux_2_5_i686.manylinux1_i686.whl", hash = "sha256:f6328501aa9924ccaf9cfb335b510b1796bee11dd74dd8349b30446585e298d7"},
    {file = "sqlglotrs-0.2.5-cp38-none-win32.whl", hash = "sha256:4421ab8097c5fa8999222f1d92fbbf8bdef0f841ef5f04b315050e4de378d19b"},
    {file = "sqlglotrs-0.2.5-cp38-none-win_amd64.whl", hash = "sha256:dfa80d1bc147817a02105ee7f6bd12e7f698af91e76788d02f6fcd209f6c8f33"},
    {file = "sqlglotrs-0.2.5-cp39-cp39-macosx_10_12_x86_64.whl", hash = "sha256:b1fdcad5c279efa65ffd8c0db55ddca8d1fe8a196d225292fa545d0bb7a6ccd4"},
    {file = "sqlglotrs-0.2.5-cp39-cp39-macosx_11_0_arm64.whl", hash = "sha256:bdf11a8fa5198c2acf42024d3fa6da26e75a997f5b044e0c5ec10e4fa5d431c7"},
    {file = "sqlglotrs-0.2.5-cp39-cp39-manylinux_2_17_aarch64.manylinux2014_aarch64.whl", hash = "sha256:f2d7ef75407e7096104a9f611c3512d06d313b596988522c46d89570a58da265"},
    {file = "sqlglotrs-0.2.5-cp39-cp39-manylinux_2_17_armv7l.manylinux2014_armv7l.whl", hash = "sha256:d5304581f4c4da0e6c03500bd9f1e2fe8bce81f71117cdc0bdc32cd2b072c562"},
    {file = "sqlglotrs-0.2.5-cp39-cp39-manylinux_2_17_ppc64le.manylinux2014_ppc64le.whl", hash = "sha256:ff7398ce89398578b2cb8fa55b2c036510a02e7050bbd541fb16a3a1eb575fb1"},
    {file = "sqlglotrs-0.2.5-cp39-cp39-manylinux_2_17_s390x.manylinux2014_s390x.whl", hash = "sha256:3f359d3b2c74d48bfa2e8ee7ab86865462aa526307241d0ede230143c7a8c566"},
    {file = "sqlglotrs-0.2.5-cp39-cp39-manylinux_2_17_x86_64.manylinux2014_x86_64.whl", hash = "sha256:cca1586871b0b2056136150fab81d7d7b3f028d2e3de5c4a615ad80d43b102eb"},
    {file = "sqlglotrs-0.2.5-cp39-cp39-manylinux_2_5_i686.manylinux1_i686.whl", hash = "sha256:e12663dae6bd90841c7492a351422901ac91c766b784e232d4423aabf6602223"},
    {file = "sqlglotrs-0.2.5-cp39-none-win32.whl", hash = "sha256:785d81d4712fbe949f60059e878048ff5561580e3b4aa26aecc864bd33ed8c0a"},
    {file = "sqlglotrs-0.2.5-cp39-none-win_amd64.whl", hash = "sha256:ab5ef66d6bce6f6a6394a6e303f9eb792a6283558dcbf9550a4f7701c35d4809"},
    {file = "sqlglotrs-0.2.5.tar.gz", hash = "sha256:e0d1f4b1672ba2574600c5bfa02ab9a21512b4f4e56f73ff52e4eff41f0f6898"},
]

[metadata]
lock-version = "2.0"
python-versions = "^3.12"
content-hash = "3b094e61e699073ab8bc87fd4f35f3f1f4f25015e1d0c5339b50be24ab3d490e"
